
Microsoft Visual Studio Solution File, Format Version 12.00
# Visual Studio 15
VisualStudioVersion = 15.0.27703.2000
MinimumVisualStudioVersion = 10.0.40219.1
Project("{2150E333-8FDC-42A3-9474-1A3956D46DE8}") = "src", "src", "{33DAC5C5-5CE5-4EC6-AB02-40DB15DEB69E}"
EndProject
Project("{9A19103F-16F7-4668-BE54-9A1E7A4F7556}") = "Daybreaksoft.Pattern.CQRS", "src\Daybreaksoft.Pattern.CQRS\Daybreaksoft.Pattern.CQRS.csproj", "{AC3D342D-719E-40D1-AB03-CE591EE913B4}"
EndProject
Project("{9A19103F-16F7-4668-BE54-9A1E7A4F7556}") = "Daybreaksoft.Pattern.CQRS.Extensions.EntityFrameworkCore", "src\Daybreaksoft.Pattern.CQRS.Extensions.EntityFrameworkCore\Daybreaksoft.Pattern.CQRS.Extensions.EntityFrameworkCore.csproj", "{FFE82266-D095-4426-B0B0-7A7B43CC87D5}"
EndProject
Project("{2150E333-8FDC-42A3-9474-1A3956D46DE8}") = "sample", "sample", "{9D0C2444-AD8F-4D8B-BB69-60C946F859C2}"
EndProject
Project("{9A19103F-16F7-4668-BE54-9A1E7A4F7556}") = "AspNetCore.Sample", "sample\AspNetCore.Sample\AspNetCore.Sample.csproj", "{0496E107-688C-41E9-9523-B8CC62CAE4E0}"
EndProject
Project("{9A19103F-16F7-4668-BE54-9A1E7A4F7556}") = "AspNetCore.Sample.Domain", "sample\AspNetCore.Sample.Domain\AspNetCore.Sample.Domain.csproj", "{F0220410-A46F-465D-9BB1-50E78EA0D819}"
EndProject
Project("{9A19103F-16F7-4668-BE54-9A1E7A4F7556}") = "Daybreaksoft.Pattern.CQRS.Extensions.AspNetCore", "src\Daybreaksoft.Pattern.CQRS.Extensions.AspNetCore\Daybreaksoft.Pattern.CQRS.Extensions.AspNetCore.csproj", "{A1639C7E-726A-4BAA-BE4E-088A564D335F}"
EndProject
Project("{9A19103F-16F7-4668-BE54-9A1E7A4F7556}") = "AspNetCore.Sample.Command", "sample\AspNetCore.Sample.Command\AspNetCore.Sample.Command.csproj", "{8EB802F5-A4D6-488F-8AF4-B45325E4F893}"
EndProject
Project("{9A19103F-16F7-4668-BE54-9A1E7A4F7556}") = "AspNetCore.Sample.Query", "sample\AspNetCore.Sample.Query\AspNetCore.Sample.Query.csproj", "{2D54A1F4-A88B-4700-83C3-7F409EB00295}"
EndProject
Global
	GlobalSection(SolutionConfigurationPlatforms) = preSolution
		Debug|Any CPU = Debug|Any CPU
		Release|Any CPU = Release|Any CPU
	EndGlobalSection
	GlobalSection(ProjectConfigurationPlatforms) = postSolution
		{AC3D342D-719E-40D1-AB03-CE591EE913B4}.Debug|Any CPU.ActiveCfg = Debug|Any CPU
		{AC3D342D-719E-40D1-AB03-CE591EE913B4}.Debug|Any CPU.Build.0 = Debug|Any CPU
		{AC3D342D-719E-40D1-AB03-CE591EE913B4}.Release|Any CPU.ActiveCfg = Release|Any CPU
		{AC3D342D-719E-40D1-AB03-CE591EE913B4}.Release|Any CPU.Build.0 = Release|Any CPU
		{FFE82266-D095-4426-B0B0-7A7B43CC87D5}.Debug|Any CPU.ActiveCfg = Debug|Any CPU
		{FFE82266-D095-4426-B0B0-7A7B43CC87D5}.Debug|Any CPU.Build.0 = Debug|Any CPU
		{FFE82266-D095-4426-B0B0-7A7B43CC87D5}.Release|Any CPU.ActiveCfg = Release|Any CPU
		{FFE82266-D095-4426-B0B0-7A7B43CC87D5}.Release|Any CPU.Build.0 = Release|Any CPU
		{0496E107-688C-41E9-9523-B8CC62CAE4E0}.Debug|Any CPU.ActiveCfg = Debug|Any CPU
		{0496E107-688C-41E9-9523-B8CC62CAE4E0}.Debug|Any CPU.Build.0 = Debug|Any CPU
		{0496E107-688C-41E9-9523-B8CC62CAE4E0}.Release|Any CPU.ActiveCfg = Release|Any CPU
		{0496E107-688C-41E9-9523-B8CC62CAE4E0}.Release|Any CPU.Build.0 = Release|Any CPU
		{F0220410-A46F-465D-9BB1-50E78EA0D819}.Debug|Any CPU.ActiveCfg = Debug|Any CPU
		{F0220410-A46F-465D-9BB1-50E78EA0D819}.Debug|Any CPU.Build.0 = Debug|Any CPU
		{F0220410-A46F-465D-9BB1-50E78EA0D819}.Release|Any CPU.ActiveCfg = Release|Any CPU
		{F0220410-A46F-465D-9BB1-50E78EA0D819}.Release|Any CPU.Build.0 = Release|Any CPU
		{A1639C7E-726A-4BAA-BE4E-088A564D335F}.Debug|Any CPU.ActiveCfg = Debug|Any CPU
		{A1639C7E-726A-4BAA-BE4E-088A564D335F}.Debug|Any CPU.Build.0 = Debug|Any CPU
		{A1639C7E-726A-4BAA-BE4E-088A564D335F}.Release|Any CPU.ActiveCfg = Release|Any CPU
		{A1639C7E-726A-4BAA-BE4E-088A564D335F}.Release|Any CPU.Build.0 = Release|Any CPU
		{8EB802F5-A4D6-488F-8AF4-B45325E4F893}.Debug|Any CPU.ActiveCfg = Debug|Any CPU
		{8EB802F5-A4D6-488F-8AF4-B45325E4F893}.Debug|Any CPU.Build.0 = Debug|Any CPU
		{8EB802F5-A4D6-488F-8AF4-B45325E4F893}.Release|Any CPU.ActiveCfg = Release|Any CPU
		{8EB802F5-A4D6-488F-8AF4-B45325E4F893}.Release|Any CPU.Build.0 = Release|Any CPU
		{2D54A1F4-A88B-4700-83C3-7F409EB00295}.Debug|Any CPU.ActiveCfg = Debug|Any CPU
		{2D54A1F4-A88B-4700-83C3-7F409EB00295}.Debug|Any CPU.Build.0 = Debug|Any CPU
		{2D54A1F4-A88B-4700-83C3-7F409EB00295}.Release|Any CPU.ActiveCfg = Release|Any CPU
		{2D54A1F4-A88B-4700-83C3-7F409EB00295}.Release|Any CPU.Build.0 = Release|Any CPU
	EndGlobalSection
	GlobalSection(SolutionProperties) = preSolution
		HideSolutionNode = FALSE
	EndGlobalSection
	GlobalSection(NestedProjects) = preSolution
		{AC3D342D-719E-40D1-AB03-CE591EE913B4} = {33DAC5C5-5CE5-4EC6-AB02-40DB15DEB69E}
		{FFE82266-D095-4426-B0B0-7A7B43CC87D5} = {33DAC5C5-5CE5-4EC6-AB02-40DB15DEB69E}
		{0496E107-688C-41E9-9523-B8CC62CAE4E0} = {9D0C2444-AD8F-4D8B-BB69-60C946F859C2}
		{F0220410-A46F-465D-9BB1-50E78EA0D819} = {9D0C2444-AD8F-4D8B-BB69-60C946F859C2}
		{A1639C7E-726A-4BAA-BE4E-088A564D335F} = {33DAC5C5-5CE5-4EC6-AB02-40DB15DEB69E}
		{8EB802F5-A4D6-488F-8AF4-B45325E4F893} = {9D0C2444-AD8F-4D8B-BB69-60C946F859C2}
		{2D54A1F4-A88B-4700-83C3-7F409EB00295} = {9D0C2444-AD8F-4D8B-BB69-60C946F859C2}
	EndGlobalSection
	GlobalSection(ExtensibilityGlobals) = postSolution
		SolutionGuid = {6FB7AFE1-68A2-4C52-B967-CA470D12418F}
	EndGlobalSection
EndGlobal
