
Microsoft Visual Studio Solution File, Format Version 12.00
# Visual Studio 15
VisualStudioVersion = 15.0.27703.2000
MinimumVisualStudioVersion = 10.0.40219.1
Project("{2150E333-8FDC-42A3-9474-1A3956D46DE8}") = "src", "src", "{33DAC5C5-5CE5-4EC6-AB02-40DB15DEB69E}"
EndProject
Project("{9A19103F-16F7-4668-BE54-9A1E7A4F7556}") = "Daybreaksoft.Pattern.CQRS", "src\Daybreaksoft.Pattern.CQRS\Daybreaksoft.Pattern.CQRS.csproj", "{AC3D342D-719E-40D1-AB03-CE591EE913B4}"
EndProject
Project("{9A19103F-16F7-4668-BE54-9A1E7A4F7556}") = "Daybreaksoft.Pattern.CQRS.Extensions.EntityFrameworkCore", "src\Daybreaksoft.Pattern.CQRS.Extensions.EntityFrameworkCore\Daybreaksoft.Pattern.CQRS.Extensions.EntityFrameworkCore.csproj", "{FFE82266-D095-4426-B0B0-7A7B43CC87D5}"
EndProject
Project("{2150E333-8FDC-42A3-9474-1A3956D46DE8}") = "sample", "sample", "{9D0C2444-AD8F-4D8B-BB69-60C946F859C2}"
EndProject
Project("{9A19103F-16F7-4668-BE54-9A1E7A4F7556}") = "Daybreaksoft.Pattern.CQRS.Extensions.AspNetCore", "src\Daybreaksoft.Pattern.CQRS.Extensions.AspNetCore\Daybreaksoft.Pattern.CQRS.Extensions.AspNetCore.csproj", "{A1639C7E-726A-4BAA-BE4E-088A564D335F}"
EndProject
Project("{9A19103F-16F7-4668-BE54-9A1E7A4F7556}") = "Daybreaksoft.Pattern.CQRS.Extensions.Dapper", "src\Daybreaksoft.Pattern.CQRS.Extensions.Dapper\Daybreaksoft.Pattern.CQRS.Extensions.Dapper.csproj", "{A4AF2C2F-9A76-4E2C-9F40-BA57A64165A2}"
EndProject
Project("{2150E333-8FDC-42A3-9474-1A3956D46DE8}") = "entityframeworkcore", "entityframeworkcore", "{DEF49906-2D3C-44EA-B2EF-48D097E698F5}"
EndProject
Project("{2150E333-8FDC-42A3-9474-1A3956D46DE8}") = "aspnetcore-dapper", "aspnetcore-dapper", "{33E0B794-16A7-4B26-984D-2C62FEE43BFA}"
EndProject
Project("{9A19103F-16F7-4668-BE54-9A1E7A4F7556}") = "AspNetCore.Sample", "sample\entityframeworkcore\AspNetCore.Sample\AspNetCore.Sample.csproj", "{445FBE9D-4C76-46B9-9721-5448A811D4C5}"
EndProject
Project("{9A19103F-16F7-4668-BE54-9A1E7A4F7556}") = "AspNetCore.Sample.Command", "sample\entityframeworkcore\AspNetCore.Sample.Command\AspNetCore.Sample.Command.csproj", "{71312394-2E36-4E53-9DF0-A85CA4736A3A}"
EndProject
Project("{9A19103F-16F7-4668-BE54-9A1E7A4F7556}") = "AspNetCore.Sample.Data", "sample\entityframeworkcore\AspNetCore.Sample.Data\AspNetCore.Sample.Data.csproj", "{B1A68EE6-F70A-4EA9-ABDD-431C99B90850}"
EndProject
Project("{9A19103F-16F7-4668-BE54-9A1E7A4F7556}") = "AspNetCore.Sample.Domain", "sample\entityframeworkcore\AspNetCore.Sample.Domain\AspNetCore.Sample.Domain.csproj", "{927C6B73-1FD9-49A6-A3F0-25B893CD6F3B}"
EndProject
Project("{9A19103F-16F7-4668-BE54-9A1E7A4F7556}") = "AspNetCore.Sample.Query", "sample\entityframeworkcore\AspNetCore.Sample.Query\AspNetCore.Sample.Query.csproj", "{71E29844-095E-4240-B2AD-CCA5CB3CACB7}"
EndProject
Global
	GlobalSection(SolutionConfigurationPlatforms) = preSolution
		Debug|Any CPU = Debug|Any CPU
		Release|Any CPU = Release|Any CPU
	EndGlobalSection
	GlobalSection(ProjectConfigurationPlatforms) = postSolution
		{AC3D342D-719E-40D1-AB03-CE591EE913B4}.Debug|Any CPU.ActiveCfg = Debug|Any CPU
		{AC3D342D-719E-40D1-AB03-CE591EE913B4}.Debug|Any CPU.Build.0 = Debug|Any CPU
		{AC3D342D-719E-40D1-AB03-CE591EE913B4}.Release|Any CPU.ActiveCfg = Release|Any CPU
		{AC3D342D-719E-40D1-AB03-CE591EE913B4}.Release|Any CPU.Build.0 = Release|Any CPU
		{FFE82266-D095-4426-B0B0-7A7B43CC87D5}.Debug|Any CPU.ActiveCfg = Debug|Any CPU
		{FFE82266-D095-4426-B0B0-7A7B43CC87D5}.Debug|Any CPU.Build.0 = Debug|Any CPU
		{FFE82266-D095-4426-B0B0-7A7B43CC87D5}.Release|Any CPU.ActiveCfg = Release|Any CPU
		{FFE82266-D095-4426-B0B0-7A7B43CC87D5}.Release|Any CPU.Build.0 = Release|Any CPU
		{A1639C7E-726A-4BAA-BE4E-088A564D335F}.Debug|Any CPU.ActiveCfg = Debug|Any CPU
		{A1639C7E-726A-4BAA-BE4E-088A564D335F}.Debug|Any CPU.Build.0 = Debug|Any CPU
		{A1639C7E-726A-4BAA-BE4E-088A564D335F}.Release|Any CPU.ActiveCfg = Release|Any CPU
		{A1639C7E-726A-4BAA-BE4E-088A564D335F}.Release|Any CPU.Build.0 = Release|Any CPU
		{A4AF2C2F-9A76-4E2C-9F40-BA57A64165A2}.Debug|Any CPU.ActiveCfg = Debug|Any CPU
		{A4AF2C2F-9A76-4E2C-9F40-BA57A64165A2}.Debug|Any CPU.Build.0 = Debug|Any CPU
		{A4AF2C2F-9A76-4E2C-9F40-BA57A64165A2}.Release|Any CPU.ActiveCfg = Release|Any CPU
		{A4AF2C2F-9A76-4E2C-9F40-BA57A64165A2}.Release|Any CPU.Build.0 = Release|Any CPU
		{445FBE9D-4C76-46B9-9721-5448A811D4C5}.Debug|Any CPU.ActiveCfg = Debug|Any CPU
		{445FBE9D-4C76-46B9-9721-5448A811D4C5}.Debug|Any CPU.Build.0 = Debug|Any CPU
		{445FBE9D-4C76-46B9-9721-5448A811D4C5}.Release|Any CPU.ActiveCfg = Release|Any CPU
		{445FBE9D-4C76-46B9-9721-5448A811D4C5}.Release|Any CPU.Build.0 = Release|Any CPU
		{71312394-2E36-4E53-9DF0-A85CA4736A3A}.Debug|Any CPU.ActiveCfg = Debug|Any CPU
		{71312394-2E36-4E53-9DF0-A85CA4736A3A}.Debug|Any CPU.Build.0 = Debug|Any CPU
		{71312394-2E36-4E53-9DF0-A85CA4736A3A}.Release|Any CPU.ActiveCfg = Release|Any CPU
		{71312394-2E36-4E53-9DF0-A85CA4736A3A}.Release|Any CPU.Build.0 = Release|Any CPU
		{B1A68EE6-F70A-4EA9-ABDD-431C99B90850}.Debug|Any CPU.ActiveCfg = Debug|Any CPU
		{B1A68EE6-F70A-4EA9-ABDD-431C99B90850}.Debug|Any CPU.Build.0 = Debug|Any CPU
		{B1A68EE6-F70A-4EA9-ABDD-431C99B90850}.Release|Any CPU.ActiveCfg = Release|Any CPU
		{B1A68EE6-F70A-4EA9-ABDD-431C99B90850}.Release|Any CPU.Build.0 = Release|Any CPU
		{927C6B73-1FD9-49A6-A3F0-25B893CD6F3B}.Debug|Any CPU.ActiveCfg = Debug|Any CPU
		{927C6B73-1FD9-49A6-A3F0-25B893CD6F3B}.Debug|Any CPU.Build.0 = Debug|Any CPU
		{927C6B73-1FD9-49A6-A3F0-25B893CD6F3B}.Release|Any CPU.ActiveCfg = Release|Any CPU
		{927C6B73-1FD9-49A6-A3F0-25B893CD6F3B}.Release|Any CPU.Build.0 = Release|Any CPU
		{71E29844-095E-4240-B2AD-CCA5CB3CACB7}.Debug|Any CPU.ActiveCfg = Debug|Any CPU
		{71E29844-095E-4240-B2AD-CCA5CB3CACB7}.Debug|Any CPU.Build.0 = Debug|Any CPU
		{71E29844-095E-4240-B2AD-CCA5CB3CACB7}.Release|Any CPU.ActiveCfg = Release|Any CPU
		{71E29844-095E-4240-B2AD-CCA5CB3CACB7}.Release|Any CPU.Build.0 = Release|Any CPU
	EndGlobalSection
	GlobalSection(SolutionProperties) = preSolution
		HideSolutionNode = FALSE
	EndGlobalSection
	GlobalSection(NestedProjects) = preSolution
		{AC3D342D-719E-40D1-AB03-CE591EE913B4} = {33DAC5C5-5CE5-4EC6-AB02-40DB15DEB69E}
		{FFE82266-D095-4426-B0B0-7A7B43CC87D5} = {33DAC5C5-5CE5-4EC6-AB02-40DB15DEB69E}
		{A1639C7E-726A-4BAA-BE4E-088A564D335F} = {33DAC5C5-5CE5-4EC6-AB02-40DB15DEB69E}
		{A4AF2C2F-9A76-4E2C-9F40-BA57A64165A2} = {33DAC5C5-5CE5-4EC6-AB02-40DB15DEB69E}
		{DEF49906-2D3C-44EA-B2EF-48D097E698F5} = {9D0C2444-AD8F-4D8B-BB69-60C946F859C2}
		{33E0B794-16A7-4B26-984D-2C62FEE43BFA} = {9D0C2444-AD8F-4D8B-BB69-60C946F859C2}
		{445FBE9D-4C76-46B9-9721-5448A811D4C5} = {DEF49906-2D3C-44EA-B2EF-48D097E698F5}
		{71312394-2E36-4E53-9DF0-A85CA4736A3A} = {DEF49906-2D3C-44EA-B2EF-48D097E698F5}
		{B1A68EE6-F70A-4EA9-ABDD-431C99B90850} = {DEF49906-2D3C-44EA-B2EF-48D097E698F5}
		{927C6B73-1FD9-49A6-A3F0-25B893CD6F3B} = {DEF49906-2D3C-44EA-B2EF-48D097E698F5}
		{71E29844-095E-4240-B2AD-CCA5CB3CACB7} = {DEF49906-2D3C-44EA-B2EF-48D097E698F5}
	EndGlobalSection
	GlobalSection(ExtensibilityGlobals) = postSolution
		SolutionGuid = {6FB7AFE1-68A2-4C52-B967-CA470D12418F}
	EndGlobalSection
EndGlobal
